
Microsoft Visual Studio Solution File, Format Version 12.00
# Visual Studio Version 17
VisualStudioVersion = 17.14.36518.9 d17.14
MinimumVisualStudioVersion = 10.0.40219.1
Project("{FAE04EC0-301F-11D3-BF4B-00C04F79EFBC}") = "pprogram2", "pprogram2\pprogram2.csproj", "{47F48EAA-B099-41B1-9EC5-92D188BFC492}"
EndProject
Global
	GlobalSection(SolutionConfigurationPlatforms) = preSolution
		Debug|Any CPU = Debug|Any CPU
		Release|Any CPU = Release|Any CPU
	EndGlobalSection
	GlobalSection(ProjectConfigurationPlatforms) = postSolution
		{47F48EAA-B099-41B1-9EC5-92D188BFC492}.Debug|Any CPU.ActiveCfg = Debug|Any CPU
		{47F48EAA-B099-41B1-9EC5-92D188BFC492}.Debug|Any CPU.Build.0 = Debug|Any CPU
		{47F48EAA-B099-41B1-9EC5-92D188BFC492}.Release|Any CPU.ActiveCfg = Release|Any CPU
		{47F48EAA-B099-41B1-9EC5-92D188BFC492}.Release|Any CPU.Build.0 = Release|Any CPU
	EndGlobalSection
	GlobalSection(SolutionProperties) = preSolution
		HideSolutionNode = FALSE
	EndGlobalSection
	GlobalSection(ExtensibilityGlobals) = postSolution
		SolutionGuid = {DD1038D2-FE05-4824-B08C-FB5999C7F9D7}
	EndGlobalSection
EndGlobal
